{
	"name": "metadata",
	"version": "0.1.0",
	"lockfileVersion": 3,
	"requires": true,
	"packages": {
		"": {
			"name": "metadata",
			"version": "0.1.0",
			"devDependencies": {
				"@archival/carrier": "^1.1.0"
			}
		},
		"node_modules/@archival/carrier": {
			"version": "1.1.0",
			"resolved": "https://registry.npmjs.org/@archival/carrier/-/carrier-1.1.0.tgz",
			"integrity": "sha512-YISqg7u/2ib489Vj4g0wmejIt6fJWE7gzFyrw8yun6CEP/wvCQnwQkZDmwRe5ISjgGuATmNyhUN6+YGDyNM+nw==",
			"dev": true,
			"license": "Unlicense",
			"bin": {
				"archival-carrier-types": "bin/archival-carrier-types.js"
			}
		}
	}
}
